
Microsoft Visual Studio Solution File, Format Version 12.00
# Visual Studio Version 17
VisualStudioVersion = 17.9.34728.123
MinimumVisualStudioVersion = 10.0.40219.1
Project("{FAE04EC0-301F-11D3-BF4B-00C04F79EFBC}") = "ITDS071_BDFina;l", "ITDS071_BDFina;l\ITDS071_BDFina;l.csproj", "{F82050E9-1124-42EB-B9EA-B864C4D40D9B}"
EndProject
Global
	GlobalSection(SolutionConfigurationPlatforms) = preSolution
		Debug|Any CPU = Debug|Any CPU
		Release|Any CPU = Release|Any CPU
	EndGlobalSection
	GlobalSection(ProjectConfigurationPlatforms) = postSolution
		{F82050E9-1124-42EB-B9EA-B864C4D40D9B}.Debug|Any CPU.ActiveCfg = Debug|Any CPU
		{F82050E9-1124-42EB-B9EA-B864C4D40D9B}.Debug|Any CPU.Build.0 = Debug|Any CPU
		{F82050E9-1124-42EB-B9EA-B864C4D40D9B}.Release|Any CPU.ActiveCfg = Release|Any CPU
		{F82050E9-1124-42EB-B9EA-B864C4D40D9B}.Release|Any CPU.Build.0 = Release|Any CPU
	EndGlobalSection
	GlobalSection(SolutionProperties) = preSolution
		HideSolutionNode = FALSE
	EndGlobalSection
	GlobalSection(ExtensibilityGlobals) = postSolution
		SolutionGuid = {199417D7-5616-4804-BEDE-C41822286C44}
	EndGlobalSection
EndGlobal
